{
    "_meta": {
        "hash": {
            "sha256": "079e8210ec4e98526a8a47c19423f7f0fd2984f30a934aa8d5e9a4bd484961f5"
        },
        "pipfile-spec": 6,
        "requires": {
            "python_version": "3.11"
        },
        "sources": [
            {
                "name": "pypi",
                "url": "https://pypi.org/simple",
                "verify_ssl": true
            }
        ]
    },
    "default": {
        "certifi": {
            "hashes": [
                "sha256:3d5da6925056f6f18f119200434a4780a94263f10d1c21d032a6f6b2baa20651",
                "sha256:ca78db4565a652026a4db2bcdf68f2fb589ea80d0be70e03929ed730746b84fe"
            ],
            "markers": "python_version >= '3.6'",
            "version": "==2025.1.31"
        },
        "charset-normalizer": {
            "hashes": [
                "sha256:0167ddc8ab6508fe81860a57dd472b2ef4060e8d378f0cc555707126830f2537",
                "sha256:01732659ba9b5b873fc117534143e4feefecf3b2078b0a6a2e925271bb6f4cfa",
                "sha256:01ad647cdd609225c5350561d084b42ddf732f4eeefe6e678765636791e78b9a",
                "sha256:04432ad9479fa40ec0f387795ddad4437a2b50417c69fa275e212933519ff294",
                "sha256:0907f11d019260cdc3f94fbdb23ff9125f6b5d1039b76003b5b0ac9d6a6c9d5b",
                "sha256:0924e81d3d5e70f8126529951dac65c1010cdf117bb75eb02dd12339b57749dd",
                "sha256:09b26ae6b1abf0d27570633b2b078a2a20419c99d66fb2823173d73f188ce601",
                "sha256:09b5e6733cbd160dcc09589227187e242a30a49ca5cefa5a7edd3f9d19ed53fd",
                "sha256:0af291f4fe114be0280cdd29d533696a77b5b49cfde5467176ecab32353395c4",
                "sha256:0f55e69f030f7163dffe9fd0752b32f070566451afe180f99dbeeb81f511ad8d",
                "sha256:1a2bc9f351a75ef49d664206d51f8e5ede9da246602dc2d2726837620ea034b2",
                "sha256:22e14b5d70560b8dd51ec22863f370d1e595ac3d024cb8ad7d308b4cd95f8313",
                "sha256:234ac59ea147c59ee4da87a0c0f098e9c8d169f4dc2a159ef720f1a61bbe27cd",
                "sha256:2369eea1ee4a7610a860d88f268eb39b95cb588acd7235e02fd5a5601773d4fa",
                "sha256:237bdbe6159cff53b4f24f397d43c6336c6b0b42affbe857970cefbb620911c8",
                "sha256:28bf57629c75e810b6ae989f03c0828d64d6b26a5e205535585f96093e405ed1",
                "sha256:2967f74ad52c3b98de4c3b32e1a44e32975e008a9cd2a8cc8966d6a5218c5cb2",
                "sha256:2a75d49014d118e4198bcee5ee0a6f25856b29b12dbf7cd012791f8a6cc5c496",
                "sha256:2bdfe3ac2e1bbe5b59a1a63721eb3b95fc9b6817ae4a46debbb4e11f6232428d",
                "sha256:2d074908e1aecee37a7635990b2c6d504cd4766c7bc9fc86d63f9c09af3fa11b",
                "sha256:2fb9bd477fdea8684f78791a6de97a953c51831ee2981f8e4f583ff3b9d9687e",
                "sha256:311f30128d7d333eebd7896965bfcfbd0065f1716ec92bd5638d7748eb6f936a",
                "sha256:329ce159e82018d646c7ac45b01a430369d526569ec08516081727a20e9e4af4",
                "sha256:345b0426edd4e18138d6528aed636de7a9ed169b4aaf9d61a8c19e39d26838ca",
                "sha256:363e2f92b0f0174b2f8238240a1a30142e3db7b957a5dd5689b0e75fb717cc78",
                "sha256:3a3bd0dcd373514dcec91c411ddb9632c0d7d92aed7093b8c3bbb6d69ca74408",
                "sha256:3bed14e9c89dcb10e8f3a29f9ccac4955aebe93c71ae803af79265c9ca5644c5",
                "sha256:44251f18cd68a75b56585dd00dae26183e102cd5e0f9f1466e6df5da2ed64ea3",
                "sha256:44ecbf16649486d4aebafeaa7ec4c9fed8b88101f4dd612dcaf65d5e815f837f",
                "sha256:4532bff1b8421fd0a320463030c7520f56a79c9024a4e88f01c537316019005a",
                "sha256:49402233c892a461407c512a19435d1ce275543138294f7ef013f0b63d5d3765",
                "sha256:4c0907b1928a36d5a998d72d64d8eaa7244989f7aaaf947500d3a800c83a3fd6",
                "sha256:4d86f7aff21ee58f26dcf5ae81a9addbd914115cdebcbb2217e4f0ed8982e146",
                "sha256:5777ee0881f9499ed0f71cc82cf873d9a0ca8af166dfa0af8ec4e675b7df48e6",
                "sha256:5df196eb874dae23dcfb968c83d4f8fdccb333330fe1fc278ac5ceeb101003a9",
                "sha256:619a609aa74ae43d90ed2e89bdd784765de0a25ca761b93e196d938b8fd1dbbd",
                "sha256:6e27f48bcd0957c6d4cb9d6fa6b61d192d0b13d5ef563e5f2ae35feafc0d179c",
                "sha256:6ff8a4a60c227ad87030d76e99cd1698345d4491638dfa6673027c48b3cd395f",
                "sha256:73d94b58ec7fecbc7366247d3b0b10a21681004153238750bb67bd9012414545",
                "sha256:7461baadb4dc00fd9e0acbe254e3d7d2112e7f92ced2adc96e54ef6501c5f176",
                "sha256:75832c08354f595c760a804588b9357d34ec00ba1c940c15e31e96d902093770",
                "sha256:7709f51f5f7c853f0fb938bcd3bc59cdfdc5203635ffd18bf354f6967ea0f824",
                "sha256:78baa6d91634dfb69ec52a463534bc0df05dbd546209b79a3880a34487f4b84f",
                "sha256:7974a0b5ecd505609e3b19742b60cee7aa2aa2fb3151bc917e6e2646d7667dcf",
                "sha256:7a4f97a081603d2050bfaffdefa5b02a9ec823f8348a572e39032caa8404a487",
                "sha256:7b1bef6280950ee6c177b326508f86cad7ad4dff12454483b51d8b7d673a2c5d",
                "sha256:7d053096f67cd1241601111b698f5cad775f97ab25d81567d3f59219b5f1adbd",
                "sha256:804a4d582ba6e5b747c625bf1255e6b1507465494a40a2130978bda7b932c90b",
                "sha256:807f52c1f798eef6cf26beb819eeb8819b1622ddfeef9d0977a8502d4db6d534",
                "sha256:80ed5e856eb7f30115aaf94e4a08114ccc8813e6ed1b5efa74f9f82e8509858f",
                "sha256:8417cb1f36cc0bc7eaba8ccb0e04d55f0ee52df06df3ad55259b9a323555fc8b",
                "sha256:8436c508b408b82d87dc5f62496973a1805cd46727c34440b0d29d8a2f50a6c9",
                "sha256:89149166622f4db9b4b6a449256291dc87a99ee53151c74cbd82a53c8c2f6ccd",
                "sha256:8bfa33f4f2672964266e940dd22a195989ba31669bd84629f05fab3ef4e2d125",
                "sha256:8c60ca7339acd497a55b0ea5d506b2a2612afb2826560416f6894e8b5770d4a9",
                "sha256:91b36a978b5ae0ee86c394f5a54d6ef44db1de0815eb43de826d41d21e4af3de",
                "sha256:955f8851919303c92343d2f66165294848d57e9bba6cf6e3625485a70a038d11",
                "sha256:97f68b8d6831127e4787ad15e6757232e14e12060bec17091b85eb1486b91d8d",
                "sha256:9b23ca7ef998bc739bf6ffc077c2116917eabcc901f88da1b9856b210ef63f35",
                "sha256:9f0b8b1c6d84c8034a44893aba5e767bf9c7a211e313a9605d9c617d7083829f",
                "sha256:aabfa34badd18f1da5ec1bc2715cadc8dca465868a4e73a0173466b688f29dda",
                "sha256:ab36c8eb7e454e34e60eb55ca5d241a5d18b2c6244f6827a30e451c42410b5f7",
                "sha256:b010a7a4fd316c3c484d482922d13044979e78d1861f0e0650423144c616a46a",
                "sha256:b1ac5992a838106edb89654e0aebfc24f5848ae2547d22c2c3f66454daa11971",
                "sha256:b7b2d86dd06bfc2ade3312a83a5c364c7ec2e3498f8734282c6c3d4b07b346b8",
                "sha256:b97e690a2118911e39b4042088092771b4ae3fc3aa86518f84b8cf6888dbdb41",
                "sha256:bc2722592d8998c870fa4e290c2eec2c1569b87fe58618e67d38b4665dfa680d",
                "sha256:c0429126cf75e16c4f0ad00ee0eae4242dc652290f940152ca8c75c3a4b6ee8f",
                "sha256:c30197aa96e8eed02200a83fba2657b4c3acd0f0aa4bdc9f6c1af8e8962e0757",
                "sha256:c4c3e6da02df6fa1410a7680bd3f63d4f710232d3139089536310d027950696a",
                "sha256:c75cb2a3e389853835e84a2d8fb2b81a10645b503eca9bcb98df6b5a43eb8886",
                "sha256:c96836c97b1238e9c9e3fe90844c947d5afbf4f4c92762679acfe19927d81d77",
                "sha256:d7f50a1f8c450f3925cb367d011448c39239bb3eb4117c36a6d354794de4ce76",
                "sha256:d973f03c0cb71c5ed99037b870f2be986c3c05e63622c017ea9816881d2dd247",
                "sha256:d98b1668f06378c6dbefec3b92299716b931cd4e6061f3c875a71ced1780ab85",
                "sha256:d9c3cdf5390dcd29aa8056d13e8e99526cda0305acc038b96b30352aff5ff2bb",
                "sha256:dad3e487649f498dd991eeb901125411559b22e8d7ab25d3aeb1af367df5efd7",
                "sha256:dccbe65bd2f7f7ec22c4ff99ed56faa1e9f785482b9bbd7c717e26fd723a1d1e",
                "sha256:dd78cfcda14a1ef52584dbb008f7ac81c1328c0f58184bf9a84c49c605002da6",
                "sha256:e218488cd232553829be0664c2292d3af2eeeb94b32bea483cf79ac6a694e037",
                "sha256:e358e64305fe12299a08e08978f51fc21fac060dcfcddd95453eabe5b93ed0e1",
                "sha256:ea0d8d539afa5eb2728aa1932a988a9a7af94f18582ffae4bc10b3fbdad0626e",
                "sha256:eab677309cdb30d047996b36d34caeda1dc91149e4fdca0b1a039b3f79d9a807",
                "sha256:eb8178fe3dba6450a3e024e95ac49ed3400e506fd4e9e5c32d30adda88cbd407",
                "sha256:ecddf25bee22fe4fe3737a399d0d177d72bc22be6913acfab364b40bce1ba83c",
                "sha256:eea6ee1db730b3483adf394ea72f808b6e18cf3cb6454b4d86e04fa8c4327a12",
                "sha256:f08ff5e948271dc7e18a35641d2f11a4cd8dfd5634f55228b691e62b37125eb3",
                "sha256:f30bf9fd9be89ecb2360c7d94a711f00c09b976258846efe40db3d05828e8089",
                "sha256:fa88b843d6e211393a37219e6a1c1df99d35e8fd90446f1118f4216e307e48cd",
                "sha256:fc54db6c8593ef7d4b2a331b58653356cf04f67c960f584edb7c3d8c97e8f39e",
                "sha256:fd4ec41f914fa74ad1b8304bbc634b3de73d2a0889bd32076342a573e0779e00",
                "sha256:ffc9202a29ab3920fa812879e95a9e78b2465fd10be7fcbd042899695d75e616"
            ],
            "markers": "python_version >= '3.7'",
            "version": "==3.4.1"
        },
        "click": {
            "hashes": [
                "sha256:63c132bbbed01578a06712a2d1f497bb62d9c1c0d329b7903a866228027263b2",
                "sha256:ed53c9d8990d83c2a27deae68e4ee337473f6330c040a31d4225c9574d16096a"
            ],
            "markers": "python_version >= '3.7'",
            "version": "==8.1.8"
        },
        "dill": {
            "hashes": [
                "sha256:468dff3b89520b474c0397703366b7b95eebe6303f108adf9b19da1f702be87a",
                "sha256:81aa267dddf68cbfe8029c42ca9ec6a4ab3b22371d1c450abc54422577b4512c"
            ],
            "index": "pypi",
            "markers": "python_version >= '3.8'",
            "version": "==0.3.9"
        },
        "dnspython": {
            "hashes": [
                "sha256:b4c34b7d10b51bcc3a5071e7b8dee77939f1e878477eeecc965e9835f63c6c86",
                "sha256:ce9c432eda0dc91cf618a5cedf1a4e142651196bbcd2c80e89ed5a907e5cfaf1"
            ],
            "markers": "python_version >= '3.9'",
            "version": "==2.7.0"
        },
        "flask": {
            "hashes": [
                "sha256:7eb373984bf1c770023fce9db164ed0c3353cd0b53f130f4693da0ca756a2e6d",
                "sha256:c0bec9477df1cb867e5a67c9e1ab758de9cb4a3e52dd70681f59fa40a62b3f2d"
            ],
            "index": "pypi",
            "markers": "python_version >= '3.7'",
            "version": "==2.2.3"
        },
        "idna": {
            "hashes": [
                "sha256:12f65c9b470abda6dc35cf8e63cc574b1c52b11df2c86030af0ac09b01b13ea9",
                "sha256:946d195a0d259cbba61165e88e65941f16e9b36ea6ddb97f00452bae8b1287d3"
            ],
            "markers": "python_version >= '3.6'",
            "version": "==3.10"
        },
        "itsdangerous": {
            "hashes": [
                "sha256:c6242fc49e35958c8b15141343aa660db5fc54d4f13a1db01a3f5891b98700ef",
                "sha256:e0050c0b7da1eea53ffaf149c0cfbb5c6e2e2b69c4bef22c81fa6eb73e5f6173"
            ],
            "markers": "python_version >= '3.8'",
            "version": "==2.2.0"
        },
        "jinja2": {
            "hashes": [
                "sha256:0137fb05990d35f1275a587e9aee6d56da821fc83491a0fb838183be43f66d6d",
                "sha256:85ece4451f492d0c13c5dd7c13a64681a86afae63a5f347908daf103ce6d2f67"
            ],
            "markers": "python_version >= '3.7'",
            "version": "==3.1.6"
        },
        "markupsafe": {
            "hashes": [
                "sha256:0bff5e0ae4ef2e1ae4fdf2dfd5b76c75e5c2fa4132d05fc1b0dabcd20c7e28c4",
                "sha256:0f4ca02bea9a23221c0182836703cbf8930c5e9454bacce27e767509fa286a30",
                "sha256:1225beacc926f536dc82e45f8a4d68502949dc67eea90eab715dea3a21c1b5f0",
                "sha256:131a3c7689c85f5ad20f9f6fb1b866f402c445b220c19fe4308c0b147ccd2ad9",
                "sha256:15ab75ef81add55874e7ab7055e9c397312385bd9ced94920f2802310c930396",
                "sha256:1a9d3f5f0901fdec14d8d2f66ef7d035f2157240a433441719ac9a3fba440b13",
                "sha256:1c99d261bd2d5f6b59325c92c73df481e05e57f19837bdca8413b9eac4bd8028",
                "sha256:1e084f686b92e5b83186b07e8a17fc09e38fff551f3602b249881fec658d3eca",
                "sha256:2181e67807fc2fa785d0592dc2d6206c019b9502410671cc905d132a92866557",
                "sha256:2cb8438c3cbb25e220c2ab33bb226559e7afb3baec11c4f218ffa7308603c832",
                "sha256:3169b1eefae027567d1ce6ee7cae382c57fe26e82775f460f0b2778beaad66c0",
                "sha256:3809ede931876f5b2ec92eef964286840ed3540dadf803dd570c3b7e13141a3b",
                "sha256:38a9ef736c01fccdd6600705b09dc574584b89bea478200c5fbf112a6b0d5579",
                "sha256:3d79d162e7be8f996986c064d1c7c817f6df3a77fe3d6859f6f9e7be4b8c213a",
                "sha256:444dcda765c8a838eaae23112db52f1efaf750daddb2d9ca300bcae1039adc5c",
                "sha256:48032821bbdf20f5799ff537c7ac3d1fba0ba032cfc06194faffa8cda8b560ff",
                "sha256:4aa4e5faecf353ed117801a068ebab7b7e09ffb6e1d5e412dc852e0da018126c",
                "sha256:52305740fe773d09cffb16f8ed0427942901f00adedac82ec8b67752f58a1b22",
                "sha256:569511d3b58c8791ab4c2e1285575265991e6d8f8700c7be0e88f86cb0672094",
                "sha256:57cb5a3cf367aeb1d316576250f65edec5bb3be939e9247ae594b4bcbc317dfb",
                "sha256:5b02fb34468b6aaa40dfc198d813a641e3a63b98c2b05a16b9f80b7ec314185e",
                "sha256:6381026f158fdb7c72a168278597a5e3a5222e83ea18f543112b2662a9b699c5",
                "sha256:6af100e168aa82a50e186c82875a5893c5597a0c1ccdb0d8b40240b1f28b969a",
                "sha256:6c89876f41da747c8d3677a2b540fb32ef5715f97b66eeb0c6b66f5e3ef6f59d",
                "sha256:6e296a513ca3d94054c2c881cc913116e90fd030ad1c656b3869762b754f5f8a",
                "sha256:70a87b411535ccad5ef2f1df5136506a10775d267e197e4cf531ced10537bd6b",
                "sha256:7e94c425039cde14257288fd61dcfb01963e658efbc0ff54f5306b06054700f8",
                "sha256:846ade7b71e3536c4e56b386c2a47adf5741d2d8b94ec9dc3e92e5e1ee1e2225",
                "sha256:88416bd1e65dcea10bc7569faacb2c20ce071dd1f87539ca2ab364bf6231393c",
                "sha256:88b49a3b9ff31e19998750c38e030fc7bb937398b1f78cfa599aaef92d693144",
                "sha256:8c4e8c3ce11e1f92f6536ff07154f9d49677ebaaafc32db9db4620bc11ed480f",
                "sha256:8e06879fc22a25ca47312fbe7c8264eb0b662f6db27cb2d3bbbc74b1df4b9b87",
                "sha256:9025b4018f3a1314059769c7bf15441064b2207cb3f065e6ea1e7359cb46db9d",
                "sha256:93335ca3812df2f366e80509ae119189886b0f3c2b81325d39efdb84a1e2ae93",
                "sha256:9778bd8ab0a994ebf6f84c2b949e65736d5575320a17ae8984a77fab08db94cf",
                "sha256:9e2d922824181480953426608b81967de705c3cef4d1af983af849d7bd619158",
                "sha256:a123e330ef0853c6e822384873bef7507557d8e4a082961e1defa947aa59ba84",
                "sha256:a904af0a6162c73e3edcb969eeeb53a63ceeb5d8cf642fade7d39e7963a22ddb",
                "sha256:ad10d3ded218f1039f11a75f8091880239651b52e9bb592ca27de44eed242a48",
                "sha256:b424c77b206d63d500bcb69fa55ed8d0e6a3774056bdc4839fc9298a7edca171",
                "sha256:b5a6b3ada725cea8a5e634536b1b01c30bcdcd7f9c6fff4151548d5bf6b3a36c",
                "sha256:ba8062ed2cf21c07a9e295d5b8a2a5ce678b913b45fdf68c32d95d6c1291e0b6",
                "sha256:ba9527cdd4c926ed0760bc301f6728ef34d841f405abf9d4f959c478421e4efd",
                "sha256:bbcb445fa71794da8f178f0f6d66789a28d7319071af7a496d4d507ed566270d",
                "sha256:bcf3e58998965654fdaff38e58584d8937aa3096ab5354d493c77d1fdd66d7a1",
                "sha256:c0ef13eaeee5b615fb07c9a7dadb38eac06a0608b41570d8ade51c56539e509d",
                "sha256:cabc348d87e913db6ab4aa100f01b08f481097838bdddf7c7a84b7575b7309ca",
                "sha256:cdb82a876c47801bb54a690c5ae105a46b392ac6099881cdfb9f6e95e4014c6a",
                "sha256:cfad01eed2c2e0c01fd0ecd2ef42c492f7f93902e39a42fc9ee1692961443a29",
                "sha256:d16a81a06776313e817c951135cf7340a3e91e8c1ff2fac444cfd75fffa04afe",
                "sha256:d8213e09c917a951de9d09ecee036d5c7d36cb6cb7dbaece4c71a60d79fb9798",
                "sha256:e07c3764494e3776c602c1e78e298937c3315ccc9043ead7e685b7f2b8d47b3c",
                "sha256:e17c96c14e19278594aa4841ec148115f9c7615a47382ecb6b82bd8fea3ab0c8",
                "sha256:e444a31f8db13eb18ada366ab3cf45fd4b31e4db1236a4448f68778c1d1a5a2f",
                "sha256:e6a2a455bd412959b57a172ce6328d2dd1f01cb2135efda2e4576e8a23fa3b0f",
                "sha256:eaa0a10b7f72326f1372a713e73c3f739b524b3af41feb43e4921cb529f5929a",
                "sha256:eb7972a85c54febfb25b5c4b4f3af4dcc731994c7da0d8a0b4a6eb0640e1d178",
                "sha256:ee55d3edf80167e48ea11a923c7386f4669df67d7994554387f84e7d8b0a2bf0",
                "sha256:f3818cb119498c0678015754eba762e0d61e5b52d34c8b13d770f0719f7b1d79",
                "sha256:f8b3d067f2e40fe93e1ccdd6b2e1d16c43140e76f02fb1319a05cf2b79d99430",
                "sha256:fcabf5ff6eea076f859677f5f0b6b5c1a51e70a376b0579e0eadef8db48c6b50"
            ],
            "markers": "python_version >= '3.9'",
            "version": "==3.0.2"
        },
        "pymongo": {
            "hashes": [
                "sha256:076afa0a4a96ca9f77fec0e4a0d241200b3b3a1766f8d7be9a905ecf59a7416b",
                "sha256:08819da7864f9b8d4a95729b2bea5fffed08b63d3b9c15b4fea47de655766cf5",
                "sha256:0a1f26bc1f5ce774d99725773901820dfdfd24e875028da4a0252a5b48dcab5c",
                "sha256:0f4b125b46fe377984fbaecf2af40ed48b05a4b7676a2ff98999f2016d66b3ec",
                "sha256:1240edc1a448d4ada4bf1a0e55550b6292420915292408e59159fd8bbdaf8f63",
                "sha256:152259f0f1a60f560323aacf463a3642a65a25557683f49cfa08c8f1ecb2395a",
                "sha256:168172ef7856e20ec024fe2a746bfa895c88b32720138e6438fd765ebd2b62dd",
                "sha256:1b1d7d9aabd8629a31d63cd106d56cca0e6420f38e50563278b520f385c0d86e",
                "sha256:1d40ad09d9f5e719bc6f729cc6b17f31c0b055029719406bd31dde2f72fca7e7",
                "sha256:21b953da14549ff62ea4ae20889c71564328958cbdf880c64a92a48dda4c9c53",
                "sha256:23cc6d7eb009c688d70da186b8f362d61d5dd1a2c14a45b890bd1e91e9c451f2",
                "sha256:2988ef5e6b360b3ff1c6d55c53515499de5f48df31afd9f785d788cdacfbe2d3",
                "sha256:2a0aade2b11dc0c326ccd429ee4134d2d47459ff68d449c6d7e01e74651bd255",
                "sha256:2b0176f9233a5927084c79ff80b51bd70bfd57e4f3d564f50f80238e797f0c8a",
                "sha256:2d4fa1b01fa7e5b7bb8d312e3542e211b320eb7a4e3d8dc884327039d93cb9e0",
                "sha256:3236cf89d69679eaeb9119c840f5c7eb388a2110b57af6bb6baf01a1da387c18",
                "sha256:33faa786cc907de63f745f587e9879429b46033d7d97a7b84b37f4f8f47b9b32",
                "sha256:37df8f6006286a5896d1cbc3efb8471ced42e3568d38e6cb00857277047b0d63",
                "sha256:3a7166d57dc74d679caa7743b8ecf7dc3a1235a9fd178654dddb2b2a627ae229",
                "sha256:3d79ae3bb1ff041c0db56f138c88ce1dfb0209f3546d8d6e7c3f74944ecd2439",
                "sha256:3e33064f1984db412b34d51496f4ea785a9cff621c67de58e09fb28da6468a52",
                "sha256:3fa3648e4f1e63ddfe53563ee111079ea3ab35c3b09cd25bc22dadc8269a495f",
                "sha256:40d5f6e853ece9bfc01e9129b228df446f49316a4252bb1fbfae5c3c9dedebad",
                "sha256:41771b22dd2822540f79a877c391283d4e6368125999a5ec8beee1ce566f3f82",
                "sha256:435228d3c16a375274ac8ab9c4f9aef40c5e57ddb8296e20ecec9e2461da1017",
                "sha256:44ee985194c426ddf781fa784f31ffa29cb59657b2dba09250a4245431847d73",
                "sha256:465fd5b040206f8bce7016b01d7e7f79d2fcd7c2b8e41791be9632a9df1b4999",
                "sha256:496c9cbcb4951183d4503a9d7d2c1e3694aab1304262f831d5e1917e60386036",
                "sha256:49dce6957598975d8b8d506329d2a3a6c4aee911fa4bbcf5e52ffc6897122950",
                "sha256:4c42748ccc451dfcd9cef6c5447a7ab727351fd9747ad431db5ebb18a9b78a4d",
                "sha256:505f8519c4c782a61d94a17b0da50be639ec462128fbd10ab0a34889218fdee3",
                "sha256:53f2dda54d76a98b43a410498bd12f6034b2a14b6844ca08513733b2b20b7ad8",
                "sha256:56320c401f544d762fc35766936178fbceb1d9261cd7b24fbfbc8fb6f67aa8a5",
                "sha256:58a63a26a1e3dc481dd3a18d6d9f8bd1d576cd1ffe0d479ba7dd38b0aeb20066",
                "sha256:5caee7bd08c3d36ec54617832b44985bd70c4cbd77c5b313de6f7fce0bb34f93",
                "sha256:631492573a1bef2f74f9ac0f9d84e0ce422c251644cd81207530af4aa2ee1980",
                "sha256:63d8019eee119df308a075b8a7bdb06d4720bf791e2b73d5ab0e7473c115d79c",
                "sha256:6422b6763b016f2ef2beedded0e546d6aa6ba87910f9244d86e0ac7690f75c96",
                "sha256:681f252e43b3ef054ca9161635f81b730f4d8cadd28b3f2b2004f5a72f853982",
                "sha256:6d64878d1659d2a5bdfd0f0a4d79bafe68653c573681495e424ab40d7b6d6d41",
                "sha256:74c0da07c04d0781490b2915e7514b1adb265ef22af039a947988c331ee7455b",
                "sha256:7591a3beea6a9a4fa3080d27d193b41f631130e3ffa76b88c9ccea123f26dc59",
                "sha256:76a262c41c1a7cbb84a3b11976578a7eb8e788c4b7bfbd15c005fb6ca88e6e50",
                "sha256:77cfff95c1fafd09e940b3fdcb7b65f11442662fad611d0e69b4dd5d17a81c60",
                "sha256:8027c9063579083746147cf401a7072a9fb6829678076cd3deff28bb0e0f50c8",
                "sha256:80a167081c75cf66b32f30e2f1eaee9365af935a86dbd76788169911bed9b5d5",
                "sha256:840eaf30ccac122df260b6005f9dfae4ac287c498ee91e3e90c56781614ca238",
                "sha256:8443f3a8ab2d929efa761c6ebce39a6c1dca1c9ac186ebf11b62c8fe1aef53f4",
                "sha256:8543253adfaa0b802bfa88386db1009c6ebb7d5684d093ee4edc725007553d21",
                "sha256:89b3f2da57a27913d15d2a07d58482f33d0a5b28abd20b8e643ab4d625e36257",
                "sha256:8e559116e4128630ad3b7e788e2e5da81cbc2344dee246af44471fa650486a70",
                "sha256:9aff6279e405dc953eeb540ab061e72c03cf38119613fce183a8e94f31be608f",
                "sha256:9c04b9560872fa9a91251030c488e0a73bce9321a70f991f830c72b3f8115d0d",
                "sha256:9d2346b00af524757576cc2406414562cced1d4349c92166a0ee377a2a483a80",
                "sha256:a253b765b7cbc4209f1d8ee16c7287c4268d3243070bf72d7eec5aa9dfe2a2c2",
                "sha256:a8127437ebc196a6f5e8fddd746bd0903a400dc6b5ae35df672dd1ccc7170a2a",
                "sha256:b25f7bea162b3dbec6d33c522097ef81df7c19a9300722fa6853f5b495aecb77",
                "sha256:b33c17d9e694b66d7e96977e9e56df19d662031483efe121a24772a44ccbbc7e",
                "sha256:b4fe46b58010115514b842c669a0ed9b6a342017b15905653a5b1724ab80917f",
                "sha256:b520aafc6cb148bac09ccf532f52cbd31d83acf4d3e5070d84efe3c019a1adbf",
                "sha256:b5bbb87fa0511bd313d9a2c90294c88db837667c2bda2ea3fa7a35b59fd93b1f",
                "sha256:b6d2a56fc2354bb6378f3634402eec788a8f3facf0b3e7d468db5f2b5a78d763",
                "sha256:bbd705d5f3c3d1ff2d169e418bb789ff07ab3c70d567cc6ba6b72b04b9143481",
                "sha256:bc5d8c3647b8ae28e4312f1492b8f29deebd31479cd3abaa989090fb1d66db83",
                "sha256:c3c3525ea8658ee1192cdddf5faf99b07ebe1eeaa61bf32821126df6d1b8072b",
                "sha256:c9a9a39b7cac81dca79fca8c2a6479ef4c7b1aab95fad7544cc0e8fd943595a2",
                "sha256:cd4c8d6aa91d3e35016847cbe8d73106e3d1c9a4e6578d38e2c346bfe8edb3ca",
                "sha256:cf62da7a4cdec9a4b2981fcbd5e08053edffccf20e845c0b6ec1e77eb7fab61d",
                "sha256:d67225f05f6ea27c8dc57f3fa6397c96d09c42af69d46629f71e82e66d33fa4f",
                "sha256:dfcd2b9f510411de615ccedd47462dae80e82fdc09fe9ab0f0f32f11cf57eeb5",
                "sha256:e1f61355c821e870fb4c17cdb318669cfbcf245a291ce5053b41140870c3e5cc",
                "sha256:e249190b018d63c901678053b4a43e797ca78b93fb6d17633e3567d4b3ec6107",
                "sha256:e2654d1278384cff75952682d17c718ecc1ad1d6227bb0068fd826ba47d426a5",
                "sha256:e57d859b972c75ee44ea2ef4758f12821243e99de814030f69a3decb2aa86807",
                "sha256:e5a27f348909235a106a3903fc8e70f573d89b41d723a500869c6569a391cff7",
                "sha256:ead4f19d0257a756b21ac2e0e85a37a7245ddec36d3b6008d5bfe416525967dc",
                "sha256:f076b779aa3dc179aa3ed861be063a313ed4e48ae9f6a8370a9b1295d4502111",
                "sha256:f1bb3a62395ffe835dbef3a1cbff48fbcce709c78bd1f52e896aee990928432b",
                "sha256:f2227a08b091bd41df5aadee0a5037673f691e2aa000e1968b1ea2342afc6880",
                "sha256:f3754acbd7efc7f1b529039fcffc092a15e1cf045e31f22f6c9c5950c613ec4d",
                "sha256:fe48f50fb6348511a3268a893bfd4ab5f263f5ac220782449d03cd05964d1ae7",
                "sha256:fff7d17d30b2cd45afd654b3fc117755c5d84506ed25fda386494e4e0a3416e1"
            ],
            "index": "pypi",
            "markers": "python_version >= '3.7'",
            "version": "==4.5.0"
        },
        "requests": {
            "hashes": [
                "sha256:64299f4909223da747622c030b781c0d7811e359c37124b4bd368fb8c6518baa",
                "sha256:98b1b2782e3c6c4904938b84c0eb932721069dfdb9134313beff7c83c2df24bf"
            ],
            "index": "pypi",
            "markers": "python_version >= '3.7' and python_version < '4'",
            "version": "==2.28.2"
        },
        "sqlalchemy": {
            "hashes": [
                "sha256:013f4f330001e84a2b0ef1f2c9bd73169c79d582e54e1a144be1be1dbc911711",
                "sha256:0789e199fbce8cb1775337afc631ed12bcc5463dd77d7a06b8dafd758cde51f8",
                "sha256:0b698440c477c00bdedff87348b19a79630a235864a8f4378098d61079c16ce9",
                "sha256:0eac488be90dd3f7a655d2e34fa59e1305fccabc4abfbd002e3a72ae10bd2f89",
                "sha256:14854bdb2a35af536d14f77dfa8dbc20e1bb1972996d64c4147e0d3165c9aaf5",
                "sha256:18795e87601b4244fd08b542cd6bff9ef674b17bcd34e4a3c9935398e2cc762c",
                "sha256:32f508fef9c5a7d19411d94ef64cf5405e42c4689e51ddbb81ac9a7be045cce8",
                "sha256:33f73cc45ffa050f5c3b60ff4490e0ae9e02701461c1600d5ede1b008076b1b9",
                "sha256:38e26cf6b9b4c6c37846f7e31b42e4d664b35f055691265f07e06aeb6167c494",
                "sha256:3da3dff8d9833a7d7f66a3c45a79a3955f775c79f47bb7eea266d0b4c267b17a",
                "sha256:432cfd77642771ee7ea0dd0f3fb664f18506a3625eab6e6d5d1d771569171270",
                "sha256:4339110be209fea37a2bb4f35f1127c7562a0393e9e6df5d9a65cc4f5c167cb6",
                "sha256:486015a58c9a67f65a15b4f19468b35b97cee074ae55386a9c240f1da308fbfe",
                "sha256:494db0026918e3f707466a1200a5dedbf254a4bce01a3115fd95f04ba8258f09",
                "sha256:57b80e877eb6ec63295835f8a3b86ca3a44829f80c4748e1b019e03adea550fc",
                "sha256:5f7c40ec2e3b31293184020daba95850832bea523a08496ac89b27a5276ec804",
                "sha256:6d44ff7573016fc26311b5a5c54d5656fb9e0c39e138bc8b81cb7c8667485203",
                "sha256:774965c41b71c8ebe3c5728bf5b9a948231fc3a0422d9fdace0686f5bb689ad6",
                "sha256:7917632606fc5d4be661dcde45cc415df835e594e2c50cc999a44f24b6bf6d92",
                "sha256:9020125e3be677c64d4dda7048e247343f1663089cf268a4cc98c957adb7dbe0",
                "sha256:921485d1f69ed016e1f756de67d02ad4f143eb6b92b9776bfff78786d8978ab5",
                "sha256:94556a2a7fc3de094ea056b62845e2e6e271e26d1e1b2540a1cd2d2506257a10",
                "sha256:a4c1e1582492c66dfacc9eab52738f3e64d9a2a380e412668f75aa06e540f649",
                "sha256:a65a8fd09bdffd63fa23b39cd902e6a4ca23d86ecfe129513e43767a1f3e91fb",
                "sha256:a6f7d1debb233f1567d700ebcdde0781a0b63db0ef266246dfbf75ae41bfdf85",
                "sha256:b0995b92612979d208189245bf87349ad9243b97b49652347a28ddee0803225a",
                "sha256:b8ab8f90f4a13c979e6c41c9f011b655c1b9ae2df6cffa8fa2c7c4d740f3512e",
                "sha256:bc370d53fee7408330099c4bcc2573a107757b203bc61f114467dfe586a0c7bd",
                "sha256:c38641f5c3714505d65dbbd8fb1350408b9ad8461769ec8e440e1177f9c92d1d",
                "sha256:cc337b96ec59ef29907eeadc2ac11188739281568f14c719e61550ca6d201a41",
                "sha256:ce076e25f1170000b4ecdc57a1ff8a70dbe4a5648ec3da0563ef3064e8db4f15",
                "sha256:cebd161f964af58290596523c65e41a5a161a99f7212b1ae675e288a4b5e0a7c",
                "sha256:d2e7411d5ea164c6f4d003f5d4f5e72e202956aaa7496b95bb4a4c39669e001c",
                "sha256:e735a635126b2338dfd3a0863b675437cb53d85885a7602b8cffb24345df33ed",
                "sha256:e7e61e2e4dfe175dc3510889e44eda1c32f55870d6950ef40519640cb266704d",
                "sha256:e90f0be674e0845c5c1ccfa5e31c9ee28fd406546a61afc734355cc7ea1f8f8b",
                "sha256:ea1c63e61b5c13161c8468305f0a5837c80aae2070e33654c68dd12572b638eb",
                "sha256:ea9461f6955f3cf9eff6eeec271686caed7792c76f5b966886a36a42ea46e6b2",
                "sha256:f15c54713a8dd57a01c974c9f96476688f6f6374d348819ed7e459535844b614",
                "sha256:fb649c5473f79c9a7b6133f53a31f4d87de14755c79224007eb7ec76e628551e",
                "sha256:fc67667c8e8c04e5c3250ab2cd51df40bc7c28c7c253d0475b377eff86fe4bb0"
            ],
            "index": "pypi",
            "markers": "python_version >= '3.7'",
            "version": "==2.0.7"
        },
        "typing-extensions": {
            "hashes": [
                "sha256:a439e7c04b49fec3e5d3e2beaa21755cadbbdc391694e28ccdd36ca4a1408f8c",
                "sha256:e6c81219bd689f51865d9e372991c540bda33a0379d5573cddb9a3a23f7caaef"
            ],
            "markers": "python_version >= '3.8'",
            "version": "==4.13.2"
        },
        "urllib3": {
            "hashes": [
                "sha256:0ed14ccfbf1c30a9072c7ca157e4319b70d65f623e91e7b32fadb2853431016e",
                "sha256:40c2dc0c681e47eb8f90e7e27bf6ff7df2e677421fd46756da1161c39ca70d32"
            ],
            "markers": "python_version >= '2.7' and python_version not in '3.0, 3.1, 3.2, 3.3, 3.4, 3.5'",
            "version": "==1.26.20"
        },
        "werkzeug": {
            "hashes": [
                "sha256:2e1ccc9417d4da358b9de6f174e3ac094391ea1d4fbef2d667865d819dfd0afe",
                "sha256:56433961bc1f12533306c624f3be5e744389ac61d722175d543e1751285da612"
            ],
            "index": "pypi",
            "markers": "python_version >= '3.7'",
            "version": "==2.2.3"
        }
    },
    "develop": {
        "astroid": {
            "hashes": [
                "sha256:622cc8e3048684aa42c820d9d218978021c3c3d174fb03a9f0d615921744f550",
                "sha256:d05bfd0acba96a7bd43e222828b7d9bc1e138aaeb0649707908d3702a9831248"
            ],
            "markers": "python_full_version >= '3.9.0'",
            "version": "==3.3.9"
        },
        "black": {
            "hashes": [
                "sha256:030b9759066a4ee5e5aca28c3c77f9c64789cdd4de8ac1df642c40b708be6171",
                "sha256:055e59b198df7ac0b7efca5ad7ff2516bca343276c466be72eb04a3bcc1f82d7",
                "sha256:0e519ecf93120f34243e6b0054db49c00a35f84f195d5bce7e9f5cfc578fc2da",
                "sha256:172b1dbff09f86ce6f4eb8edf9dede08b1fce58ba194c87d7a4f1a5aa2f5b3c2",
                "sha256:1e2978f6df243b155ef5fa7e558a43037c3079093ed5d10fd84c43900f2d8ecc",
                "sha256:33496d5cd1222ad73391352b4ae8da15253c5de89b93a80b3e2c8d9a19ec2666",
                "sha256:3b48735872ec535027d979e8dcb20bf4f70b5ac75a8ea99f127c106a7d7aba9f",
                "sha256:4b60580e829091e6f9238c848ea6750efed72140b91b048770b64e74fe04908b",
                "sha256:759e7ec1e050a15f89b770cefbf91ebee8917aac5c20483bc2d80a6c3a04df32",
                "sha256:8f0b18a02996a836cc9c9c78e5babec10930862827b1b724ddfe98ccf2f2fe4f",
                "sha256:95e8176dae143ba9097f351d174fdaf0ccd29efb414b362ae3fd72bf0f710717",
                "sha256:96c1c7cd856bba8e20094e36e0f948718dc688dba4a9d78c3adde52b9e6c2299",
                "sha256:a1ee0a0c330f7b5130ce0caed9936a904793576ef4d2b98c40835d6a65afa6a0",
                "sha256:a22f402b410566e2d1c950708c77ebf5ebd5d0d88a6a2e87c86d9fb48afa0d18",
                "sha256:a39337598244de4bae26475f77dda852ea00a93bd4c728e09eacd827ec929df0",
                "sha256:afebb7098bfbc70037a053b91ae8437c3857482d3a690fefc03e9ff7aa9a5fd3",
                "sha256:bacabb307dca5ebaf9c118d2d2f6903da0d62c9faa82bd21a33eecc319559355",
                "sha256:bce2e264d59c91e52d8000d507eb20a9aca4a778731a08cfff7e5ac4a4bb7096",
                "sha256:d9e6827d563a2c820772b32ce8a42828dc6790f095f441beef18f96aa6f8294e",
                "sha256:db8ea9917d6f8fc62abd90d944920d95e73c83a5ee3383493e35d271aca872e9",
                "sha256:ea0213189960bda9cf99be5b8c8ce66bb054af5e9e861249cd23471bd7b0b3ba",
                "sha256:f3df5f1bf91d36002b0a75389ca8663510cf0531cca8aa5c1ef695b46d98655f"
            ],
            "index": "pypi",
            "markers": "python_version >= '3.9'",
            "version": "==25.1.0"
        },
        "click": {
            "hashes": [
                "sha256:63c132bbbed01578a06712a2d1f497bb62d9c1c0d329b7903a866228027263b2",
                "sha256:ed53c9d8990d83c2a27deae68e4ee337473f6330c040a31d4225c9574d16096a"
            ],
            "markers": "python_version >= '3.7'",
            "version": "==8.1.8"
        },
        "dill": {
            "hashes": [
                "sha256:468dff3b89520b474c0397703366b7b95eebe6303f108adf9b19da1f702be87a",
                "sha256:81aa267dddf68cbfe8029c42ca9ec6a4ab3b22371d1c450abc54422577b4512c"
            ],
            "index": "pypi",
            "markers": "python_version >= '3.8'",
            "version": "==0.3.9"
        },
        "isort": {
            "hashes": [
                "sha256:1cb5df28dfbc742e490c5e41bad6da41b805b0a8be7bc93cd0fb2a8a890ac450",
                "sha256:2dc5d7f65c9678d94c88dfc29161a320eec67328bc97aad576874cb4be1e9615"
            ],
            "markers": "python_full_version >= '3.9.0'",
            "version": "==6.0.1"
        },
        "mccabe": {
            "hashes": [
                "sha256:348e0240c33b60bbdf4e523192ef919f28cb2c3d7d5c7794f74009290f236325",
                "sha256:6c2d30ab6be0e4a46919781807b4f0d834ebdd6c6e3dca0bda5a15f863427b6e"
            ],
            "markers": "python_version >= '3.6'",
            "version": "==0.7.0"
        },
        "mypy-extensions": {
            "hashes": [
                "sha256:4392f6c0eb8a5668a69e23d168ffa70f0be9ccfd32b5cc2d26a34ae5b844552d",
                "sha256:75dbf8955dc00442a438fc4d0666508a9a97b6bd41aa2f0ffe9d2f2725af0782"
            ],
            "markers": "python_version >= '3.5'",
            "version": "==1.0.0"
        },
        "packaging": {
            "hashes": [
                "sha256:09abb1bccd265c01f4a3aa3f7a7db064b36514d2cba19a2f694fe6150451a759",
                "sha256:c228a6dc5e932d346bc5739379109d49e8853dd8223571c7c5b55260edc0b97f"
            ],
            "markers": "python_version >= '3.8'",
            "version": "==24.2"
        },
        "pathspec": {
            "hashes": [
                "sha256:a0d503e138a4c123b27490a4f7beda6a01c6f288df0e4a8b79c7eb0dc7b4cc08",
                "sha256:a482d51503a1ab33b1c67a6c3813a26953dbdc71c31dacaef9a838c4e29f5712"
            ],
            "markers": "python_version >= '3.8'",
            "version": "==0.12.1"
        },
        "platformdirs": {
            "hashes": [
                "sha256:a03875334331946f13c549dbd8f4bac7a13a50a895a0eb1e8c6a8ace80d40a94",
                "sha256:eb437d586b6a0986388f0d6f74aa0cde27b48d0e3d66843640bfb6bdcdb6e351"
            ],
            "markers": "python_version >= '3.9'",
            "version": "==4.3.7"
        },
        "pylint": {
            "hashes": [
                "sha256:8b7c2d3e86ae3f94fb27703d521dd0b9b6b378775991f504d7c3a6275aa0a6a6",
                "sha256:b634a041aac33706d56a0d217e6587228c66427e20ec21a019bc4cdee48c040a"
            ],
            "index": "pypi",
            "markers": "python_full_version >= '3.9.0'",
            "version": "==3.3.6"
        },
        "tomlkit": {
            "hashes": [
                "sha256:7a974427f6e119197f670fbbbeae7bef749a6c14e793db934baefc1b5f03efde",
                "sha256:fff5fe59a87295b278abd31bec92c15d9bc4a06885ab12bcea52c71119392e79"
            ],
            "markers": "python_version >= '3.8'",
            "version": "==0.13.2"
        }
    }
}
